{
  "name": "xtjk-decrypt-mp",
  "version": "1.0.0",
  "lockfileVersion": 1,
  "requires": true,
  "dependencies": {
    "crypto-js": {
      "version": "3.1.2",
      "resolved": "https://registry.npmmirror.com/crypto-js/-/crypto-js-3.1.2.tgz",
      "integrity": "sha512-egolhMvFgIelOG34Goj51J6MUEMr2X8mSam6+54pXiPxcOAfRU68CgsELFsEI5hXZLk0hvUwc7y1VuHi+5RMIQ=="
    },
    "decrypt-core": {
      "version": "1.1.0",
      "resolved": "https://registry.npmmirror.com/decrypt-core/-/decrypt-core-1.1.0.tgz",
      "integrity": "sha512-lsyU88F+BxHyIVbeSn4isulFb5ol4HBJywdZ0eWOKdFBTzAzQwH1x4nyPjA6jrh/Bt2W40fqbxPzbPi/rkYzPQ==",
      "requires": {
        "crypto-js": "3.1.2"
      }
    }
  }
}
